
Microsoft Visual Studio Solution File, Format Version 12.00
# Visual Studio Version 16
VisualStudioVersion = 16.0.31515.178
MinimumVisualStudioVersion = 10.0.40219.1
Project("{FAE04EC0-301F-11D3-BF4B-00C04F79EFBC}") = "String-Sum-Tests", "String-Sum-Tests\String-Sum-Tests.csproj", "{F689F646-4673-467D-86F9-1B88FB160F46}"
EndProject
Project("{FAE04EC0-301F-11D3-BF4B-00C04F79EFBC}") = "String-Sum-Library", "String-Sum-Library\String-Sum-Library.csproj", "{CE105669-6AD5-40E5-9924-08989169C89E}"
EndProject
Global
	GlobalSection(SolutionConfigurationPlatforms) = preSolution
		Debug|Any CPU = Debug|Any CPU
		Release|Any CPU = Release|Any CPU
	EndGlobalSection
	GlobalSection(ProjectConfigurationPlatforms) = postSolution
		{F689F646-4673-467D-86F9-1B88FB160F46}.Debug|Any CPU.ActiveCfg = Debug|Any CPU
		{F689F646-4673-467D-86F9-1B88FB160F46}.Debug|Any CPU.Build.0 = Debug|Any CPU
		{F689F646-4673-467D-86F9-1B88FB160F46}.Release|Any CPU.ActiveCfg = Release|Any CPU
		{F689F646-4673-467D-86F9-1B88FB160F46}.Release|Any CPU.Build.0 = Release|Any CPU
		{CE105669-6AD5-40E5-9924-08989169C89E}.Debug|Any CPU.ActiveCfg = Debug|Any CPU
		{CE105669-6AD5-40E5-9924-08989169C89E}.Debug|Any CPU.Build.0 = Debug|Any CPU
		{CE105669-6AD5-40E5-9924-08989169C89E}.Release|Any CPU.ActiveCfg = Release|Any CPU
		{CE105669-6AD5-40E5-9924-08989169C89E}.Release|Any CPU.Build.0 = Release|Any CPU
	EndGlobalSection
	GlobalSection(SolutionProperties) = preSolution
		HideSolutionNode = FALSE
	EndGlobalSection
	GlobalSection(ExtensibilityGlobals) = postSolution
		SolutionGuid = {4D2E352A-4F58-4D6E-BBDD-30316349CAE3}
	EndGlobalSection
EndGlobal
